
Microsoft Visual Studio Solution File, Format Version 12.00
# Visual Studio 15
VisualStudioVersion = 15.0.26124.0
MinimumVisualStudioVersion = 15.0.26124.0
Project("{FAE04EC0-301F-11D3-BF4B-00C04F79EFBC}") = "MvcAnimalShelter", "MvcAnimalShelter\MvcAnimalShelter.csproj", "{0E2B2E95-4508-4B5A-B8D8-CFA2FF83AC2F}"
EndProject
Project("{FAE04EC0-301F-11D3-BF4B-00C04F79EFBC}") = "ApiAnimalShelter", "ApiAnimalShelter\ApiAnimalShelter.csproj", "{27B8D3DD-0F68-430E-AA61-DEF27B675B0A}"
EndProject
Global
	GlobalSection(SolutionConfigurationPlatforms) = preSolution
		Debug|Any CPU = Debug|Any CPU
		Debug|x64 = Debug|x64
		Debug|x86 = Debug|x86
		Release|Any CPU = Release|Any CPU
		Release|x64 = Release|x64
		Release|x86 = Release|x86
	EndGlobalSection
	GlobalSection(SolutionProperties) = preSolution
		HideSolutionNode = FALSE
	EndGlobalSection
	GlobalSection(ProjectConfigurationPlatforms) = postSolution
		{0E2B2E95-4508-4B5A-B8D8-CFA2FF83AC2F}.Debug|Any CPU.ActiveCfg = Debug|Any CPU
		{0E2B2E95-4508-4B5A-B8D8-CFA2FF83AC2F}.Debug|Any CPU.Build.0 = Debug|Any CPU
		{0E2B2E95-4508-4B5A-B8D8-CFA2FF83AC2F}.Debug|x64.ActiveCfg = Debug|Any CPU
		{0E2B2E95-4508-4B5A-B8D8-CFA2FF83AC2F}.Debug|x64.Build.0 = Debug|Any CPU
		{0E2B2E95-4508-4B5A-B8D8-CFA2FF83AC2F}.Debug|x86.ActiveCfg = Debug|Any CPU
		{0E2B2E95-4508-4B5A-B8D8-CFA2FF83AC2F}.Debug|x86.Build.0 = Debug|Any CPU
		{0E2B2E95-4508-4B5A-B8D8-CFA2FF83AC2F}.Release|Any CPU.ActiveCfg = Release|Any CPU
		{0E2B2E95-4508-4B5A-B8D8-CFA2FF83AC2F}.Release|Any CPU.Build.0 = Release|Any CPU
		{0E2B2E95-4508-4B5A-B8D8-CFA2FF83AC2F}.Release|x64.ActiveCfg = Release|Any CPU
		{0E2B2E95-4508-4B5A-B8D8-CFA2FF83AC2F}.Release|x64.Build.0 = Release|Any CPU
		{0E2B2E95-4508-4B5A-B8D8-CFA2FF83AC2F}.Release|x86.ActiveCfg = Release|Any CPU
		{0E2B2E95-4508-4B5A-B8D8-CFA2FF83AC2F}.Release|x86.Build.0 = Release|Any CPU
		{27B8D3DD-0F68-430E-AA61-DEF27B675B0A}.Debug|Any CPU.ActiveCfg = Debug|Any CPU
		{27B8D3DD-0F68-430E-AA61-DEF27B675B0A}.Debug|Any CPU.Build.0 = Debug|Any CPU
		{27B8D3DD-0F68-430E-AA61-DEF27B675B0A}.Debug|x64.ActiveCfg = Debug|Any CPU
		{27B8D3DD-0F68-430E-AA61-DEF27B675B0A}.Debug|x64.Build.0 = Debug|Any CPU
		{27B8D3DD-0F68-430E-AA61-DEF27B675B0A}.Debug|x86.ActiveCfg = Debug|Any CPU
		{27B8D3DD-0F68-430E-AA61-DEF27B675B0A}.Debug|x86.Build.0 = Debug|Any CPU
		{27B8D3DD-0F68-430E-AA61-DEF27B675B0A}.Release|Any CPU.ActiveCfg = Release|Any CPU
		{27B8D3DD-0F68-430E-AA61-DEF27B675B0A}.Release|Any CPU.Build.0 = Release|Any CPU
		{27B8D3DD-0F68-430E-AA61-DEF27B675B0A}.Release|x64.ActiveCfg = Release|Any CPU
		{27B8D3DD-0F68-430E-AA61-DEF27B675B0A}.Release|x64.Build.0 = Release|Any CPU
		{27B8D3DD-0F68-430E-AA61-DEF27B675B0A}.Release|x86.ActiveCfg = Release|Any CPU
		{27B8D3DD-0F68-430E-AA61-DEF27B675B0A}.Release|x86.Build.0 = Release|Any CPU
	EndGlobalSection
EndGlobal
